// !$*UTF8*$!
{
	archiveVersion = 1;
	classes = {
	};
	objectVersion = 50;
	objects = {

/* Begin PBXBuildFile section */
		13A9116521CA244000AE06EC /* AppDelegate.swift in Sources */ = {isa = PBXBuildFile; fileRef = 13A9116421CA244000AE06EC /* AppDelegate.swift */; };
		13A9116721CA244000AE06EC /* ViewController.swift in Sources */ = {isa = PBXBuildFile; fileRef = 13A9116621CA244000AE06EC /* ViewController.swift */; };
		13A9116A21CA244000AE06EC /* Main.storyboard in Resources */ = {isa = PBXBuildFile; fileRef = 13A9116821CA244000AE06EC /* Main.storyboard */; };
		13A9116C21CA244100AE06EC /* Assets.xcassets in Resources */ = {isa = PBXBuildFile; fileRef = 13A9116B21CA244100AE06EC /* Assets.xcassets */; };
		13A9116F21CA244100AE06EC /* LaunchScreen.storyboard in Resources */ = {isa = PBXBuildFile; fileRef = 13A9116D21CA244100AE06EC /* LaunchScreen.storyboard */; };
		13A9117821CA245400AE06EC /* String+Extension.swift in Sources */ = {isa = PBXBuildFile; fileRef = 13A9117721CA245400AE06EC /* String+Extension.swift */; };
		13A9117C21CA247B00AE06EC /* UserInfo.swift in Sources */ = {isa = PBXBuildFile; fileRef = 13A9117A21CA247B00AE06EC /* UserInfo.swift */; };
		13A9117D21CA247B00AE06EC /* DataModel.swift in Sources */ = {isa = PBXBuildFile; fileRef = 13A9117B21CA247B00AE06EC /* DataModel.swift */; };
		13A9118521CA318E00AE06EC /* Blending.swift in Sources */ = {isa = PBXBuildFile; fileRef = 13A9118421CA318E00AE06EC /* Blending.swift */; };
/* End PBXBuildFile section */

/* Begin PBXFileReference section */
		13A9116121CA244000AE06EC /* SwiftDemo.app */ = {isa = PBXFileReference; explicitFileType = wrapper.application; includeInIndex = 0; path = SwiftDemo.app; sourceTree = BUILT_PRODUCTS_DIR; };
		13A9116421CA244000AE06EC /* AppDelegate.swift */ = {isa = PBXFileReference; lastKnownFileType = sourcecode.swift; path = AppDelegate.swift; sourceTree = "<group>"; };
		13A9116621CA244000AE06EC /* ViewController.swift */ = {isa = PBXFileReference; lastKnownFileType = sourcecode.swift; path = ViewController.swift; sourceTree = "<group>"; };
		13A9116921CA244000AE06EC /* Base */ = {isa = PBXFileReference; lastKnownFileType = file.storyboard; name = Base; path = Base.lproj/Main.storyboard; sourceTree = "<group>"; };
		13A9116B21CA244100AE06EC /* Assets.xcassets */ = {isa = PBXFileReference; lastKnownFileType = folder.assetcatalog; path = Assets.xcassets; sourceTree = "<group>"; };
		13A9116E21CA244100AE06EC /* Base */ = {isa = PBXFileReference; lastKnownFileType = file.storyboard; name = Base; path = Base.lproj/LaunchScreen.storyboard; sourceTree = "<group>"; };
		13A9117021CA244100AE06EC /* Info.plist */ = {isa = PBXFileReference; lastKnownFileType = text.plist.xml; path = Info.plist; sourceTree = "<group>"; };
		13A9117721CA245400AE06EC /* String+Extension.swift */ = {isa = PBXFileReference; fileEncoding = 4; lastKnownFileType = sourcecode.swift; path = "String+Extension.swift"; sourceTree = "<group>"; };
		13A9117A21CA247B00AE06EC /* UserInfo.swift */ = {isa = PBXFileReference; fileEncoding = 4; lastKnownFileType = sourcecode.swift; path = UserInfo.swift; sourceTree = "<group>"; };
		13A9117B21CA247B00AE06EC /* DataModel.swift */ = {isa = PBXFileReference; fileEncoding = 4; lastKnownFileType = sourcecode.swift; path = DataModel.swift; sourceTree = "<group>"; };
		13A9118421CA318E00AE06EC /* Blending.swift */ = {isa = PBXFileReference; lastKnownFileType = sourcecode.swift; path = Blending.swift; sourceTree = "<group>"; };
		13A9118721CA42CF00AE06EC /* SwiftDemo-Bridging-Header.h */ = {isa = PBXFileReference; lastKnownFileType = sourcecode.c.h; path = "SwiftDemo-Bridging-Header.h"; sourceTree = "<group>"; };
/* End PBXFileReference section */

/* Begin PBXFrameworksBuildPhase section */
		13A9115E21CA244000AE06EC /* Frameworks */ = {
			isa = PBXFrameworksBuildPhase;
			buildActionMask = 2147483647;
			files = (
			);
			runOnlyForDeploymentPostprocessing = 0;
		};
/* End PBXFrameworksBuildPhase section */

/* Begin PBXGroup section */
		13A9115821CA244000AE06EC = {
			isa = PBXGroup;
			children = (
				13A9116321CA244000AE06EC /* SwiftDemo */,
				13A9116221CA244000AE06EC /* Products */,
			);
			sourceTree = "<group>";
		};
		13A9116221CA244000AE06EC /* Products */ = {
			isa = PBXGroup;
			children = (
				13A9116121CA244000AE06EC /* SwiftDemo.app */,
			);
			name = Products;
			sourceTree = "<group>";
		};
		13A9116321CA244000AE06EC /* SwiftDemo */ = {
			isa = PBXGroup;
			children = (
				13A9118321CA313B00AE06EC /* Extension */,
				13A9117921CA246D00AE06EC /* NScoder */,
				13A9116421CA244000AE06EC /* AppDelegate.swift */,
				13A9116621CA244000AE06EC /* ViewController.swift */,
				13A9116821CA244000AE06EC /* Main.storyboard */,
				13A9116B21CA244100AE06EC /* Assets.xcassets */,
				13A9116D21CA244100AE06EC /* LaunchScreen.storyboard */,
				13A9117021CA244100AE06EC /* Info.plist */,
				13A9118721CA42CF00AE06EC /* SwiftDemo-Bridging-Header.h */,
			);
			path = SwiftDemo;
			sourceTree = "<group>";
		};
		13A9117621CA245400AE06EC /* String */ = {
			isa = PBXGroup;
			children = (
				13A9117721CA245400AE06EC /* String+Extension.swift */,
			);
			path = String;
			sourceTree = "<group>";
		};
		13A9117921CA246D00AE06EC /* NScoder */ = {
			isa = PBXGroup;
			children = (
				13A9117B21CA247B00AE06EC /* DataModel.swift */,
				13A9117A21CA247B00AE06EC /* UserInfo.swift */,
			);
			path = NScoder;
			sourceTree = "<group>";
		};
		13A9118321CA313B00AE06EC /* Extension */ = {
			isa = PBXGroup;
			children = (
				13A9117621CA245400AE06EC /* String */,
				13A9118621CA40C900AE06EC /* UIimage */,
			);
			path = Extension;
			sourceTree = "<group>";
		};
		13A9118621CA40C900AE06EC /* UIimage */ = {
			isa = PBXGroup;
			children = (
				13A9118421CA318E00AE06EC /* Blending.swift */,
			);
			path = UIimage;
			sourceTree = "<group>";
		};
/* End PBXGroup section */

/* Begin PBXNativeTarget section */
		13A9116021CA244000AE06EC /* SwiftDemo */ = {
			isa = PBXNativeTarget;
			buildConfigurationList = 13A9117321CA244100AE06EC /* Build configuration list for PBXNativeTarget "SwiftDemo" */;
			buildPhases = (
				13A9115D21CA244000AE06EC /* Sources */,
				13A9115E21CA244000AE06EC /* Frameworks */,
				13A9115F21CA244000AE06EC /* Resources */,
			);
			buildRules = (
			);
			dependencies = (
			);
			name = SwiftDemo;
			productName = SwiftDemo;
			productReference = 13A9116121CA244000AE06EC /* SwiftDemo.app */;
			productType = "com.apple.product-type.application";
		};
/* End PBXNativeTarget section */

/* Begin PBXProject section */
		13A9115921CA244000AE06EC /* Project object */ = {
			isa = PBXProject;
			attributes = {
				LastSwiftUpdateCheck = 1010;
				LastUpgradeCheck = 1010;
				ORGANIZATIONNAME = MT;
				TargetAttributes = {
					13A9116021CA244000AE06EC = {
						CreatedOnToolsVersion = 10.1;
						LastSwiftMigration = 1010;
						SystemCapabilities = {
							com.apple.BackgroundModes = {
								enabled = 1;
							};
						};
					};
				};
			};
			buildConfigurationList = 13A9115C21CA244000AE06EC /* Build configuration list for PBXProject "SwiftDemo" */;
			compatibilityVersion = "Xcode 9.3";
			developmentRegion = en;
			hasScannedForEncodings = 0;
			knownRegions = (
				en,
				Base,
			);
			mainGroup = 13A9115821CA244000AE06EC;
			productRefGroup = 13A9116221CA244000AE06EC /* Products */;
			projectDirPath = "";
			projectRoot = "";
			targets = (
				13A9116021CA244000AE06EC /* SwiftDemo */,
			);
		};
/* End PBXProject section */

/* Begin PBXResourcesBuildPhase section */
		13A9115F21CA244000AE06EC /* Resources */ = {
			isa = PBXResourcesBuildPhase;
			buildActionMask = 2147483647;
			files = (
				13A9116F21CA244100AE06EC /* LaunchScreen.storyboard in Resources */,
				13A9116C21CA244100AE06EC /* Assets.xcassets in Resources */,
				13A9116A21CA244000AE06EC /* Main.storyboard in Resources */,
			);
			runOnlyForDeploymentPostprocessing = 0;
		};
/* End PBXResourcesBuildPhase section */

/* Begin PBXSourcesBuildPhase section */
		13A9115D21CA244000AE06EC /* Sources */ = {
			isa = PBXSourcesBuildPhase;
			buildActionMask = 2147483647;
			files = (
				13A9118521CA318E00AE06EC /* Blending.swift in Sources */,
				13A9117D21CA247B00AE06EC /* DataModel.swift in Sources */,
				13A9117C21CA247B00AE06EC /* UserInfo.swift in Sources */,
				13A9116721CA244000AE06EC /* ViewController.swift in Sources */,
				13A9117821CA245400AE06EC /* String+Extension.swift in Sources */,
				13A9116521CA244000AE06EC /* AppDelegate.swift in Sources */,
			);
			runOnlyForDeploymentPostprocessing = 0;
		};
/* End PBXSourcesBuildPhase section */

/* Begin PBXVariantGroup section */
		13A9116821CA244000AE06EC /* Main.storyboard */ = {
			isa = PBXVariantGroup;
			children = (
				13A9116921CA244000AE06EC /* Base */,
			);
			name = Main.storyboard;
			sourceTree = "<group>";
		};
		13A9116D21CA244100AE06EC /* LaunchScreen.storyboard */ = {
			isa = PBXVariantGroup;
			children = (
				13A9116E21CA244100AE06EC /* Base */,
			);
			name = LaunchScreen.storyboard;
			sourceTree = "<group>";
		};
/* End PBXVariantGroup section */

/* Begin XCBuildConfiguration section */
		13A9117121CA244100AE06EC /* Debug */ = {
			isa = XCBuildConfiguration;
			buildSettings = {
				ALWAYS_SEARCH_USER_PATHS = NO;
				CLANG_ANALYZER_NONNULL = YES;
				CLANG_ANALYZER_NUMBER_OBJECT_CONVERSION = YES_AGGRESSIVE;
				CLANG_CXX_LANGUAGE_STANDARD = "gnu++14";
				CLANG_CXX_LIBRARY = "libc++";
				CLANG_ENABLE_MODULES = YES;
				CLANG_ENABLE_OBJC_ARC = YES;
				CLANG_ENABLE_OBJC_WEAK = YES;
				CLANG_WARN_BLOCK_CAPTURE_AUTORELEASING = YES;
				CLANG_WARN_BOOL_CONVERSION = YES;
				CLANG_WARN_COMMA = YES;
				CLANG_WARN_CONSTANT_CONVERSION = YES;
				CLANG_WARN_DEPRECATED_OBJC_IMPLEMENTATIONS = YES;
				CLANG_WARN_DIRECT_OBJC_ISA_USAGE = YES_ERROR;
				CLANG_WARN_DOCUMENTATION_COMMENTS = YES;
				CLANG_WARN_EMPTY_BODY = YES;
				CLANG_WARN_ENUM_CONVERSION = YES;
				CLANG_WARN_INFINITE_RECURSION = YES;
				CLANG_WARN_INT_CONVERSION = YES;
				CLANG_WARN_NON_LITERAL_NULL_CONVERSION = YES;
				CLANG_WARN_OBJC_IMPLICIT_RETAIN_SELF = YES;
				CLANG_WARN_OBJC_LITERAL_CONVERSION = YES;
				CLANG_WARN_OBJC_ROOT_CLASS = YES_ERROR;
				CLANG_WARN_RANGE_LOOP_ANALYSIS = YES;
				CLANG_WARN_STRICT_PROTOTYPES = YES;
				CLANG_WARN_SUSPICIOUS_MOVE = YES;
				CLANG_WARN_UNGUARDED_AVAILABILITY = YES_AGGRESSIVE;
				CLANG_WARN_UNREACHABLE_CODE = YES;
				CLANG_WARN__DUPLICATE_METHOD_MATCH = YES;
				CODE_SIGN_IDENTITY = "iPhone Developer";
				COPY_PHASE_STRIP = NO;
				DEBUG_INFORMATION_FORMAT = dwarf;
				ENABLE_STRICT_OBJC_MSGSEND = YES;
				ENABLE_TESTABILITY = YES;
				GCC_C_LANGUAGE_STANDARD = gnu11;
				GCC_DYNAMIC_NO_PIC = NO;
				GCC_NO_COMMON_BLOCKS = YES;
				GCC_OPTIMIZATION_LEVEL = 0;
				GCC_PREPROCESSOR_DEFINITIONS = (
					"DEBUG=1",
					"$(inherited)",
				);
				GCC_WARN_64_TO_32_BIT_CONVERSION = YES;
				GCC_WARN_ABOUT_RETURN_TYPE = YES_ERROR;
				GCC_WARN_UNDECLARED_SELECTOR = YES;
				GCC_WARN_UNINITIALIZED_AUTOS = YES_AGGRESSIVE;
				GCC_WARN_UNUSED_FUNCTION = YES;
				GCC_WARN_UNUSED_VARIABLE = YES;
				IPHONEOS_DEPLOYMENT_TARGET = 9.0;
				MTL_ENABLE_DEBUG_INFO = INCLUDE_SOURCE;
				MTL_FAST_MATH = YES;
				ONLY_ACTIVE_ARCH = YES;
				SDKROOT = iphoneos;
				SWIFT_ACTIVE_COMPILATION_CONDITIONS = DEBUG;
				SWIFT_OPTIMIZATION_LEVEL = "-Onone";
			};
			name = Debug;
		};
		13A9117221CA244100AE06EC /* Release */ = {
			isa = XCBuildConfiguration;
			buildSettings = {
				ALWAYS_SEARCH_USER_PATHS = NO;
				CLANG_ANALYZER_NONNULL = YES;
				CLANG_ANALYZER_NUMBER_OBJECT_CONVERSION = YES_AGGRESSIVE;
				CLANG_CXX_LANGUAGE_STANDARD = "gnu++14";
				CLANG_CXX_LIBRARY = "libc++";
				CLANG_ENABLE_MODULES = YES;
				CLANG_ENABLE_OBJC_ARC = YES;
				CLANG_ENABLE_OBJC_WEAK = YES;
				CLANG_WARN_BLOCK_CAPTURE_AUTORELEASING = YES;
				CLANG_WARN_BOOL_CONVERSION = YES;
				CLANG_WARN_COMMA = YES;
				CLANG_WARN_CONSTANT_CONVERSION = YES;
				CLANG_WARN_DEPRECATED_OBJC_IMPLEMENTATIONS = YES;
				CLANG_WARN_DIRECT_OBJC_ISA_USAGE = YES_ERROR;
				CLANG_WARN_DOCUMENTATION_COMMENTS = YES;
				CLANG_WARN_EMPTY_BODY = YES;
				CLANG_WARN_ENUM_CONVERSION = YES;
				CLANG_WARN_INFINITE_RECURSION = YES;
				CLANG_WARN_INT_CONVERSION = YES;
				CLANG_WARN_NON_LITERAL_NULL_CONVERSION = YES;
				CLANG_WARN_OBJC_IMPLICIT_RETAIN_SELF = YES;
				CLANG_WARN_OBJC_LITERAL_CONVERSION = YES;
				CLANG_WARN_OBJC_ROOT_CLASS = YES_ERROR;
				CLANG_WARN_RANGE_LOOP_ANALYSIS = YES;
				CLANG_WARN_STRICT_PROTOTYPES = YES;
				CLANG_WARN_SUSPICIOUS_MOVE = YES;
				CLANG_WARN_UNGUARDED_AVAILABILITY = YES_AGGRESSIVE;
				CLANG_WARN_UNREACHABLE_CODE = YES;
				CLANG_WARN__DUPLICATE_METHOD_MATCH = YES;
				CODE_SIGN_IDENTITY = "iPhone Developer";
				COPY_PHASE_STRIP = NO;
				DEBUG_INFORMATION_FORMAT = "dwarf-with-dsym";
				ENABLE_NS_ASSERTIONS = NO;
				ENABLE_STRICT_OBJC_MSGSEND = YES;
				GCC_C_LANGUAGE_STANDARD = gnu11;
				GCC_NO_COMMON_BLOCKS = YES;
				GCC_WARN_64_TO_32_BIT_CONVERSION = YES;
				GCC_WARN_ABOUT_RETURN_TYPE = YES_ERROR;
				GCC_WARN_UNDECLARED_SELECTOR = YES;
				GCC_WARN_UNINITIALIZED_AUTOS = YES_AGGRESSIVE;
				GCC_WARN_UNUSED_FUNCTION = YES;
				GCC_WARN_UNUSED_VARIABLE = YES;
				IPHONEOS_DEPLOYMENT_TARGET = 9.0;
				MTL_ENABLE_DEBUG_INFO = NO;
				MTL_FAST_MATH = YES;
				SDKROOT = iphoneos;
				SWIFT_COMPILATION_MODE = wholemodule;
				SWIFT_OPTIMIZATION_LEVEL = "-O";
				VALIDATE_PRODUCT = YES;
			};
			name = Release;
		};
		13A9117421CA244100AE06EC /* Debug */ = {
			isa = XCBuildConfiguration;
			buildSettings = {
				ASSETCATALOG_COMPILER_APPICON_NAME = AppIcon;
				CLANG_ENABLE_MODULES = YES;
				CODE_SIGN_STYLE = Automatic;
				INFOPLIST_FILE = SwiftDemo/Info.plist;
				LD_RUNPATH_SEARCH_PATHS = (
					"$(inherited)",
					"@executable_path/Frameworks",
				);
				PRODUCT_BUNDLE_IDENTIFIER = com.melonblock.SwiftDemo;
				PRODUCT_NAME = "$(TARGET_NAME)";
				SWIFT_OBJC_BRIDGING_HEADER = "SwiftDemo/SwiftDemo-Bridging-Header.h";
				SWIFT_OPTIMIZATION_LEVEL = "-Onone";
				SWIFT_VERSION = 4.2;
				TARGETED_DEVICE_FAMILY = "1,2";
			};
			name = Debug;
		};
		13A9117521CA244100AE06EC /* Release */ = {
			isa = XCBuildConfiguration;
			buildSettings = {
				ASSETCATALOG_COMPILER_APPICON_NAME = AppIcon;
				CLANG_ENABLE_MODULES = YES;
				CODE_SIGN_STYLE = Automatic;
				INFOPLIST_FILE = SwiftDemo/Info.plist;
				LD_RUNPATH_SEARCH_PATHS = (
					"$(inherited)",
					"@executable_path/Frameworks",
				);
				PRODUCT_BUNDLE_IDENTIFIER = com.melonblock.SwiftDemo;
				PRODUCT_NAME = "$(TARGET_NAME)";
				SWIFT_OBJC_BRIDGING_HEADER = "SwiftDemo/SwiftDemo-Bridging-Header.h";
				SWIFT_VERSION = 4.2;
				TARGETED_DEVICE_FAMILY = "1,2";
			};
			name = Release;
		};
/* End XCBuildConfiguration section */

/* Begin XCConfigurationList section */
		13A9115C21CA244000AE06EC /* Build configuration list for PBXProject "SwiftDemo" */ = {
			isa = XCConfigurationList;
			buildConfigurations = (
				13A9117121CA244100AE06EC /* Debug */,
				13A9117221CA244100AE06EC /* Release */,
			);
			defaultConfigurationIsVisible = 0;
			defaultConfigurationName = Release;
		};
		13A9117321CA244100AE06EC /* Build configuration list for PBXNativeTarget "SwiftDemo" */ = {
			isa = XCConfigurationList;
			buildConfigurations = (
				13A9117421CA244100AE06EC /* Debug */,
				13A9117521CA244100AE06EC /* Release */,
			);
			defaultConfigurationIsVisible = 0;
			defaultConfigurationName = Release;
		};
/* End XCConfigurationList section */
	};
	rootObject = 13A9115921CA244000AE06EC /* Project object */;
}
